
Microsoft Visual Studio Solution File, Format Version 12.00
# Visual Studio 2012
Project("{FAE04EC0-301F-11D3-BF4B-00C04F79EFBC}") = "PerformanceAppraisal", "PerformanceAppraisal\PerformanceAppraisal.csproj", "{29CF6D6D-6B25-40AD-ACAB-9071D7FD0428}"
EndProject
Project("{FAE04EC0-301F-11D3-BF4B-00C04F79EFBC}") = "PA.DAL", "PA.DAL\PA.DAL.csproj", "{125159FC-FD3E-442D-A928-EA4154E9E71F}"
EndProject
Project("{FAE04EC0-301F-11D3-BF4B-00C04F79EFBC}") = "PA.BLL", "PA.BLL\PA.BLL.csproj", "{DD833E6F-BC7B-4AE5-B6CB-D1B50C1F523C}"
EndProject
Global
	GlobalSection(SolutionConfigurationPlatforms) = preSolution
		Debug|Any CPU = Debug|Any CPU
		Release|Any CPU = Release|Any CPU
	EndGlobalSection
	GlobalSection(ProjectConfigurationPlatforms) = postSolution
		{29CF6D6D-6B25-40AD-ACAB-9071D7FD0428}.Debug|Any CPU.ActiveCfg = Debug|Any CPU
		{29CF6D6D-6B25-40AD-ACAB-9071D7FD0428}.Debug|Any CPU.Build.0 = Debug|Any CPU
		{29CF6D6D-6B25-40AD-ACAB-9071D7FD0428}.Release|Any CPU.ActiveCfg = Release|Any CPU
		{29CF6D6D-6B25-40AD-ACAB-9071D7FD0428}.Release|Any CPU.Build.0 = Release|Any CPU
		{125159FC-FD3E-442D-A928-EA4154E9E71F}.Debug|Any CPU.ActiveCfg = Debug|Any CPU
		{125159FC-FD3E-442D-A928-EA4154E9E71F}.Debug|Any CPU.Build.0 = Debug|Any CPU
		{125159FC-FD3E-442D-A928-EA4154E9E71F}.Release|Any CPU.ActiveCfg = Release|Any CPU
		{125159FC-FD3E-442D-A928-EA4154E9E71F}.Release|Any CPU.Build.0 = Release|Any CPU
		{DD833E6F-BC7B-4AE5-B6CB-D1B50C1F523C}.Debug|Any CPU.ActiveCfg = Debug|Any CPU
		{DD833E6F-BC7B-4AE5-B6CB-D1B50C1F523C}.Debug|Any CPU.Build.0 = Debug|Any CPU
		{DD833E6F-BC7B-4AE5-B6CB-D1B50C1F523C}.Release|Any CPU.ActiveCfg = Release|Any CPU
		{DD833E6F-BC7B-4AE5-B6CB-D1B50C1F523C}.Release|Any CPU.Build.0 = Release|Any CPU
	EndGlobalSection
	GlobalSection(SolutionProperties) = preSolution
		HideSolutionNode = FALSE
	EndGlobalSection
EndGlobal
